
Microsoft Visual Studio Solution File, Format Version 11.00
# Visual C# Express 2010
Project("{FAE04EC0-301F-11D3-BF4B-00C04F79EFBC}") = "Node T", "Node T\Node T.csproj", "{3BEDFB2F-73CE-452F-8470-7D62D903047C}"
EndProject
Global
	GlobalSection(SolutionConfigurationPlatforms) = preSolution
		Debug|x86 = Debug|x86
		Release|x86 = Release|x86
	EndGlobalSection
	GlobalSection(ProjectConfigurationPlatforms) = postSolution
		{3BEDFB2F-73CE-452F-8470-7D62D903047C}.Debug|x86.ActiveCfg = Debug|x86
		{3BEDFB2F-73CE-452F-8470-7D62D903047C}.Debug|x86.Build.0 = Debug|x86
		{3BEDFB2F-73CE-452F-8470-7D62D903047C}.Release|x86.ActiveCfg = Release|x86
		{3BEDFB2F-73CE-452F-8470-7D62D903047C}.Release|x86.Build.0 = Release|x86
	EndGlobalSection
	GlobalSection(SolutionProperties) = preSolution
		HideSolutionNode = FALSE
	EndGlobalSection
EndGlobal
